
Microsoft Visual Studio Solution File, Format Version 12.00
# Visual Studio 14
VisualStudioVersion = 14.0.23107.0
MinimumVisualStudioVersion = 10.0.40219.1
Project("{8BC9CEB8-8B4A-11D0-8D11-00A0C91BC942}") = "ImaginationServer.Core", "ImaginationServer.Core\ImaginationServer.Core.vcxproj", "{B556A656-2380-4E15-9FA9-25D555AE0FCC}"
EndProject
Project("{FAE04EC0-301F-11D3-BF4B-00C04F79EFBC}") = "ImaginationServer.Common", "ImaginationServer.Common\ImaginationServer.Common.csproj", "{9E791210-0A94-428D-B483-46EB198942E2}"
EndProject
Project("{FAE04EC0-301F-11D3-BF4B-00C04F79EFBC}") = "ImaginationServer.Auth", "ImaginationServer.Auth\ImaginationServer.Auth.csproj", "{790BC5EC-B631-443E-B2ED-8C154E84B52B}"
	ProjectSection(ProjectDependencies) = postProject
		{B556A656-2380-4E15-9FA9-25D555AE0FCC} = {B556A656-2380-4E15-9FA9-25D555AE0FCC}
	EndProjectSection
EndProject
Project("{FAE04EC0-301F-11D3-BF4B-00C04F79EFBC}") = "ImaginationServer.ControlPanel", "ImaginationServer.ControlPanel\ImaginationServer.ControlPanel.csproj", "{CF42C85F-AF89-4C22-B957-326ED6A14EA4}"
EndProject
Project("{2150E333-8FDC-42A3-9474-1A3956D46DE8}") = "Servers", "Servers", "{2DDFC929-6B76-4C79-AA3D-EA7109B806BD}"
EndProject
Project("{FAE04EC0-301F-11D3-BF4B-00C04F79EFBC}") = "ImaginationServer.SingleServer", "ImaginationServer.SingleServer\ImaginationServer.SingleServer.csproj", "{48AA0DB0-86E9-43D0-840D-23BC961E00EA}"
EndProject
Project("{FAE04EC0-301F-11D3-BF4B-00C04F79EFBC}") = "ImaginationServer.World", "ImaginationServer.World\ImaginationServer.World.csproj", "{E2B8D9BD-3CB3-4F21-AB17-DF367A4DA92A}"
EndProject
Project("{8BC9CEB8-8B4A-11D0-8D11-00A0C91BC942}") = "ImaginationServer.Auth.Packets", "ImaginationServer.Auth.Packets\ImaginationServer.Auth.Packets.vcxproj", "{424BDC34-9372-4793-9D3D-9DF8D9A483FC}"
EndProject
Project("{8BC9CEB8-8B4A-11D0-8D11-00A0C91BC942}") = "ImaginationServer.World.Packets", "ImaginationServer.World.Packets\ImaginationServer.World.Packets.vcxproj", "{ED9DDA8B-99A2-40F9-B8DC-B734E79C7C55}"
EndProject
Project("{FAE04EC0-301F-11D3-BF4B-00C04F79EFBC}") = "ImaginationServer.GameLauncher", "ImaginationServer.GameLauncher\ImaginationServer.GameLauncher.csproj", "{C14EF548-2853-4BCF-909E-C68D79B857E8}"
EndProject
Project("{2150E333-8FDC-42A3-9474-1A3956D46DE8}") = "Utilities", "Utilities", "{2FD76726-53C1-4D4C-B4D5-02B61F65300F}"
EndProject
Project("{FAE04EC0-301F-11D3-BF4B-00C04F79EFBC}") = "ImaginationServer.Util.Sd0Decompressor", "ImaginationServer.Util.Sd0Decompressor\ImaginationServer.Util.Sd0Decompressor.csproj", "{CCBA29D8-D261-43EC-B1B2-2EF7F005059A}"
EndProject
Project("{FAE04EC0-301F-11D3-BF4B-00C04F79EFBC}") = "ImaginationServer.Util.Sd0Compressor", "ImaginationServer.Util.Sd0Compressor\ImaginationServer.Util.Sd0Compressor.csproj", "{CA1A9B06-264C-4FC8-9A77-B71DF6A1B377}"
EndProject
Global
	GlobalSection(SolutionConfigurationPlatforms) = preSolution
		Debug|Any CPU = Debug|Any CPU
		Debug|ARM = Debug|ARM
		Debug|x64 = Debug|x64
		Debug|x86 = Debug|x86
		Release|Any CPU = Release|Any CPU
		Release|ARM = Release|ARM
		Release|x64 = Release|x64
		Release|x86 = Release|x86
	EndGlobalSection
	GlobalSection(ProjectConfigurationPlatforms) = postSolution
		{B556A656-2380-4E15-9FA9-25D555AE0FCC}.Debug|Any CPU.ActiveCfg = Debug|Win32
		{B556A656-2380-4E15-9FA9-25D555AE0FCC}.Debug|Any CPU.Build.0 = Debug|Win32
		{B556A656-2380-4E15-9FA9-25D555AE0FCC}.Debug|ARM.ActiveCfg = Debug|Win32
		{B556A656-2380-4E15-9FA9-25D555AE0FCC}.Debug|x64.ActiveCfg = Release|Win32
		{B556A656-2380-4E15-9FA9-25D555AE0FCC}.Debug|x64.Build.0 = Debug|x64
		{B556A656-2380-4E15-9FA9-25D555AE0FCC}.Debug|x86.ActiveCfg = Debug|Win32
		{B556A656-2380-4E15-9FA9-25D555AE0FCC}.Debug|x86.Build.0 = Debug|Win32
		{B556A656-2380-4E15-9FA9-25D555AE0FCC}.Release|Any CPU.ActiveCfg = Release|Win32
		{B556A656-2380-4E15-9FA9-25D555AE0FCC}.Release|Any CPU.Build.0 = Release|Win32
		{B556A656-2380-4E15-9FA9-25D555AE0FCC}.Release|ARM.ActiveCfg = Release|Win32
		{B556A656-2380-4E15-9FA9-25D555AE0FCC}.Release|x64.ActiveCfg = Release|Win32
		{B556A656-2380-4E15-9FA9-25D555AE0FCC}.Release|x64.Build.0 = Release|x64
		{B556A656-2380-4E15-9FA9-25D555AE0FCC}.Release|x86.ActiveCfg = Release|Win32
		{B556A656-2380-4E15-9FA9-25D555AE0FCC}.Release|x86.Build.0 = Release|Win32
		{9E791210-0A94-428D-B483-46EB198942E2}.Debug|Any CPU.ActiveCfg = Debug|Any CPU
		{9E791210-0A94-428D-B483-46EB198942E2}.Debug|Any CPU.Build.0 = Debug|Any CPU
		{9E791210-0A94-428D-B483-46EB198942E2}.Debug|ARM.ActiveCfg = Debug|Any CPU
		{9E791210-0A94-428D-B483-46EB198942E2}.Debug|ARM.Build.0 = Debug|Any CPU
		{9E791210-0A94-428D-B483-46EB198942E2}.Debug|x64.ActiveCfg = Release|Any CPU
		{9E791210-0A94-428D-B483-46EB198942E2}.Debug|x64.Build.0 = Release|Any CPU
		{9E791210-0A94-428D-B483-46EB198942E2}.Debug|x86.ActiveCfg = Debug|Any CPU
		{9E791210-0A94-428D-B483-46EB198942E2}.Debug|x86.Build.0 = Debug|Any CPU
		{9E791210-0A94-428D-B483-46EB198942E2}.Release|Any CPU.ActiveCfg = Release|Any CPU
		{9E791210-0A94-428D-B483-46EB198942E2}.Release|Any CPU.Build.0 = Release|Any CPU
		{9E791210-0A94-428D-B483-46EB198942E2}.Release|ARM.ActiveCfg = Release|Any CPU
		{9E791210-0A94-428D-B483-46EB198942E2}.Release|ARM.Build.0 = Release|Any CPU
		{9E791210-0A94-428D-B483-46EB198942E2}.Release|x64.ActiveCfg = Release|Any CPU
		{9E791210-0A94-428D-B483-46EB198942E2}.Release|x64.Build.0 = Release|Any CPU
		{9E791210-0A94-428D-B483-46EB198942E2}.Release|x86.ActiveCfg = Release|Any CPU
		{9E791210-0A94-428D-B483-46EB198942E2}.Release|x86.Build.0 = Release|Any CPU
		{790BC5EC-B631-443E-B2ED-8C154E84B52B}.Debug|Any CPU.ActiveCfg = Debug|Any CPU
		{790BC5EC-B631-443E-B2ED-8C154E84B52B}.Debug|Any CPU.Build.0 = Debug|Any CPU
		{790BC5EC-B631-443E-B2ED-8C154E84B52B}.Debug|ARM.ActiveCfg = Debug|Any CPU
		{790BC5EC-B631-443E-B2ED-8C154E84B52B}.Debug|ARM.Build.0 = Debug|Any CPU
		{790BC5EC-B631-443E-B2ED-8C154E84B52B}.Debug|x64.ActiveCfg = Release|Any CPU
		{790BC5EC-B631-443E-B2ED-8C154E84B52B}.Debug|x64.Build.0 = Release|Any CPU
		{790BC5EC-B631-443E-B2ED-8C154E84B52B}.Debug|x86.ActiveCfg = Debug|Any CPU
		{790BC5EC-B631-443E-B2ED-8C154E84B52B}.Debug|x86.Build.0 = Debug|Any CPU
		{790BC5EC-B631-443E-B2ED-8C154E84B52B}.Release|Any CPU.ActiveCfg = Release|Any CPU
		{790BC5EC-B631-443E-B2ED-8C154E84B52B}.Release|Any CPU.Build.0 = Release|Any CPU
		{790BC5EC-B631-443E-B2ED-8C154E84B52B}.Release|ARM.ActiveCfg = Release|Any CPU
		{790BC5EC-B631-443E-B2ED-8C154E84B52B}.Release|ARM.Build.0 = Release|Any CPU
		{790BC5EC-B631-443E-B2ED-8C154E84B52B}.Release|x64.ActiveCfg = Release|Any CPU
		{790BC5EC-B631-443E-B2ED-8C154E84B52B}.Release|x64.Build.0 = Release|Any CPU
		{790BC5EC-B631-443E-B2ED-8C154E84B52B}.Release|x86.ActiveCfg = Release|Any CPU
		{790BC5EC-B631-443E-B2ED-8C154E84B52B}.Release|x86.Build.0 = Release|Any CPU
		{CF42C85F-AF89-4C22-B957-326ED6A14EA4}.Debug|Any CPU.ActiveCfg = Debug|Any CPU
		{CF42C85F-AF89-4C22-B957-326ED6A14EA4}.Debug|Any CPU.Build.0 = Debug|Any CPU
		{CF42C85F-AF89-4C22-B957-326ED6A14EA4}.Debug|ARM.ActiveCfg = Debug|Any CPU
		{CF42C85F-AF89-4C22-B957-326ED6A14EA4}.Debug|ARM.Build.0 = Debug|Any CPU
		{CF42C85F-AF89-4C22-B957-326ED6A14EA4}.Debug|x64.ActiveCfg = Release|Any CPU
		{CF42C85F-AF89-4C22-B957-326ED6A14EA4}.Debug|x64.Build.0 = Release|Any CPU
		{CF42C85F-AF89-4C22-B957-326ED6A14EA4}.Debug|x86.ActiveCfg = Debug|Any CPU
		{CF42C85F-AF89-4C22-B957-326ED6A14EA4}.Debug|x86.Build.0 = Debug|Any CPU
		{CF42C85F-AF89-4C22-B957-326ED6A14EA4}.Release|Any CPU.ActiveCfg = Release|Any CPU
		{CF42C85F-AF89-4C22-B957-326ED6A14EA4}.Release|Any CPU.Build.0 = Release|Any CPU
		{CF42C85F-AF89-4C22-B957-326ED6A14EA4}.Release|ARM.ActiveCfg = Release|Any CPU
		{CF42C85F-AF89-4C22-B957-326ED6A14EA4}.Release|ARM.Build.0 = Release|Any CPU
		{CF42C85F-AF89-4C22-B957-326ED6A14EA4}.Release|x64.ActiveCfg = Release|Any CPU
		{CF42C85F-AF89-4C22-B957-326ED6A14EA4}.Release|x64.Build.0 = Release|Any CPU
		{CF42C85F-AF89-4C22-B957-326ED6A14EA4}.Release|x86.ActiveCfg = Release|Any CPU
		{CF42C85F-AF89-4C22-B957-326ED6A14EA4}.Release|x86.Build.0 = Release|Any CPU
		{48AA0DB0-86E9-43D0-840D-23BC961E00EA}.Debug|Any CPU.ActiveCfg = Debug|Any CPU
		{48AA0DB0-86E9-43D0-840D-23BC961E00EA}.Debug|Any CPU.Build.0 = Debug|Any CPU
		{48AA0DB0-86E9-43D0-840D-23BC961E00EA}.Debug|ARM.ActiveCfg = Debug|Any CPU
		{48AA0DB0-86E9-43D0-840D-23BC961E00EA}.Debug|ARM.Build.0 = Debug|Any CPU
		{48AA0DB0-86E9-43D0-840D-23BC961E00EA}.Debug|x64.ActiveCfg = Release|Any CPU
		{48AA0DB0-86E9-43D0-840D-23BC961E00EA}.Debug|x64.Build.0 = Release|Any CPU
		{48AA0DB0-86E9-43D0-840D-23BC961E00EA}.Debug|x86.ActiveCfg = Debug|Any CPU
		{48AA0DB0-86E9-43D0-840D-23BC961E00EA}.Debug|x86.Build.0 = Debug|Any CPU
		{48AA0DB0-86E9-43D0-840D-23BC961E00EA}.Release|Any CPU.ActiveCfg = Release|Any CPU
		{48AA0DB0-86E9-43D0-840D-23BC961E00EA}.Release|Any CPU.Build.0 = Release|Any CPU
		{48AA0DB0-86E9-43D0-840D-23BC961E00EA}.Release|ARM.ActiveCfg = Release|Any CPU
		{48AA0DB0-86E9-43D0-840D-23BC961E00EA}.Release|ARM.Build.0 = Release|Any CPU
		{48AA0DB0-86E9-43D0-840D-23BC961E00EA}.Release|x64.ActiveCfg = Release|Any CPU
		{48AA0DB0-86E9-43D0-840D-23BC961E00EA}.Release|x64.Build.0 = Release|Any CPU
		{48AA0DB0-86E9-43D0-840D-23BC961E00EA}.Release|x86.ActiveCfg = Release|Any CPU
		{48AA0DB0-86E9-43D0-840D-23BC961E00EA}.Release|x86.Build.0 = Release|Any CPU
		{E2B8D9BD-3CB3-4F21-AB17-DF367A4DA92A}.Debug|Any CPU.ActiveCfg = Debug|Any CPU
		{E2B8D9BD-3CB3-4F21-AB17-DF367A4DA92A}.Debug|Any CPU.Build.0 = Debug|Any CPU
		{E2B8D9BD-3CB3-4F21-AB17-DF367A4DA92A}.Debug|ARM.ActiveCfg = Debug|Any CPU
		{E2B8D9BD-3CB3-4F21-AB17-DF367A4DA92A}.Debug|ARM.Build.0 = Debug|Any CPU
		{E2B8D9BD-3CB3-4F21-AB17-DF367A4DA92A}.Debug|x64.ActiveCfg = Release|Any CPU
		{E2B8D9BD-3CB3-4F21-AB17-DF367A4DA92A}.Debug|x64.Build.0 = Release|Any CPU
		{E2B8D9BD-3CB3-4F21-AB17-DF367A4DA92A}.Debug|x86.ActiveCfg = Debug|Any CPU
		{E2B8D9BD-3CB3-4F21-AB17-DF367A4DA92A}.Debug|x86.Build.0 = Debug|Any CPU
		{E2B8D9BD-3CB3-4F21-AB17-DF367A4DA92A}.Release|Any CPU.ActiveCfg = Release|Any CPU
		{E2B8D9BD-3CB3-4F21-AB17-DF367A4DA92A}.Release|Any CPU.Build.0 = Release|Any CPU
		{E2B8D9BD-3CB3-4F21-AB17-DF367A4DA92A}.Release|ARM.ActiveCfg = Release|Any CPU
		{E2B8D9BD-3CB3-4F21-AB17-DF367A4DA92A}.Release|ARM.Build.0 = Release|Any CPU
		{E2B8D9BD-3CB3-4F21-AB17-DF367A4DA92A}.Release|x64.ActiveCfg = Release|Any CPU
		{E2B8D9BD-3CB3-4F21-AB17-DF367A4DA92A}.Release|x64.Build.0 = Release|Any CPU
		{E2B8D9BD-3CB3-4F21-AB17-DF367A4DA92A}.Release|x86.ActiveCfg = Release|Any CPU
		{E2B8D9BD-3CB3-4F21-AB17-DF367A4DA92A}.Release|x86.Build.0 = Release|Any CPU
		{424BDC34-9372-4793-9D3D-9DF8D9A483FC}.Debug|Any CPU.ActiveCfg = Debug|Win32
		{424BDC34-9372-4793-9D3D-9DF8D9A483FC}.Debug|Any CPU.Build.0 = Debug|Win32
		{424BDC34-9372-4793-9D3D-9DF8D9A483FC}.Debug|ARM.ActiveCfg = Debug|Win32
		{424BDC34-9372-4793-9D3D-9DF8D9A483FC}.Debug|x64.ActiveCfg = Release|Win32
		{424BDC34-9372-4793-9D3D-9DF8D9A483FC}.Debug|x64.Build.0 = Debug|x64
		{424BDC34-9372-4793-9D3D-9DF8D9A483FC}.Debug|x86.ActiveCfg = Debug|Win32
		{424BDC34-9372-4793-9D3D-9DF8D9A483FC}.Debug|x86.Build.0 = Debug|Win32
		{424BDC34-9372-4793-9D3D-9DF8D9A483FC}.Release|Any CPU.ActiveCfg = Release|Win32
		{424BDC34-9372-4793-9D3D-9DF8D9A483FC}.Release|Any CPU.Build.0 = Release|Win32
		{424BDC34-9372-4793-9D3D-9DF8D9A483FC}.Release|Any CPU.Deploy.0 = Release|Win32
		{424BDC34-9372-4793-9D3D-9DF8D9A483FC}.Release|ARM.ActiveCfg = Release|Win32
		{424BDC34-9372-4793-9D3D-9DF8D9A483FC}.Release|x64.ActiveCfg = Release|Win32
		{424BDC34-9372-4793-9D3D-9DF8D9A483FC}.Release|x64.Build.0 = Release|x64
		{424BDC34-9372-4793-9D3D-9DF8D9A483FC}.Release|x86.ActiveCfg = Release|Win32
		{424BDC34-9372-4793-9D3D-9DF8D9A483FC}.Release|x86.Build.0 = Release|Win32
		{ED9DDA8B-99A2-40F9-B8DC-B734E79C7C55}.Debug|Any CPU.ActiveCfg = Debug|Win32
		{ED9DDA8B-99A2-40F9-B8DC-B734E79C7C55}.Debug|Any CPU.Build.0 = Debug|Win32
		{ED9DDA8B-99A2-40F9-B8DC-B734E79C7C55}.Debug|ARM.ActiveCfg = Debug|Win32
		{ED9DDA8B-99A2-40F9-B8DC-B734E79C7C55}.Debug|x64.ActiveCfg = Release|Win32
		{ED9DDA8B-99A2-40F9-B8DC-B734E79C7C55}.Debug|x64.Build.0 = Debug|x64
		{ED9DDA8B-99A2-40F9-B8DC-B734E79C7C55}.Debug|x86.ActiveCfg = Debug|Win32
		{ED9DDA8B-99A2-40F9-B8DC-B734E79C7C55}.Debug|x86.Build.0 = Debug|Win32
		{ED9DDA8B-99A2-40F9-B8DC-B734E79C7C55}.Release|Any CPU.ActiveCfg = Release|Win32
		{ED9DDA8B-99A2-40F9-B8DC-B734E79C7C55}.Release|Any CPU.Build.0 = Release|Win32
		{ED9DDA8B-99A2-40F9-B8DC-B734E79C7C55}.Release|ARM.ActiveCfg = Release|Win32
		{ED9DDA8B-99A2-40F9-B8DC-B734E79C7C55}.Release|x64.ActiveCfg = Release|Win32
		{ED9DDA8B-99A2-40F9-B8DC-B734E79C7C55}.Release|x64.Build.0 = Release|x64
		{ED9DDA8B-99A2-40F9-B8DC-B734E79C7C55}.Release|x86.ActiveCfg = Release|Win32
		{ED9DDA8B-99A2-40F9-B8DC-B734E79C7C55}.Release|x86.Build.0 = Release|Win32
		{C14EF548-2853-4BCF-909E-C68D79B857E8}.Debug|Any CPU.ActiveCfg = Debug|Any CPU
		{C14EF548-2853-4BCF-909E-C68D79B857E8}.Debug|Any CPU.Build.0 = Debug|Any CPU
		{C14EF548-2853-4BCF-909E-C68D79B857E8}.Debug|ARM.ActiveCfg = Debug|Any CPU
		{C14EF548-2853-4BCF-909E-C68D79B857E8}.Debug|ARM.Build.0 = Debug|Any CPU
		{C14EF548-2853-4BCF-909E-C68D79B857E8}.Debug|x64.ActiveCfg = Debug|Any CPU
		{C14EF548-2853-4BCF-909E-C68D79B857E8}.Debug|x64.Build.0 = Debug|Any CPU
		{C14EF548-2853-4BCF-909E-C68D79B857E8}.Debug|x86.ActiveCfg = Debug|Any CPU
		{C14EF548-2853-4BCF-909E-C68D79B857E8}.Debug|x86.Build.0 = Debug|Any CPU
		{C14EF548-2853-4BCF-909E-C68D79B857E8}.Release|Any CPU.ActiveCfg = Release|Any CPU
		{C14EF548-2853-4BCF-909E-C68D79B857E8}.Release|Any CPU.Build.0 = Release|Any CPU
		{C14EF548-2853-4BCF-909E-C68D79B857E8}.Release|ARM.ActiveCfg = Release|Any CPU
		{C14EF548-2853-4BCF-909E-C68D79B857E8}.Release|ARM.Build.0 = Release|Any CPU
		{C14EF548-2853-4BCF-909E-C68D79B857E8}.Release|x64.ActiveCfg = Release|Any CPU
		{C14EF548-2853-4BCF-909E-C68D79B857E8}.Release|x64.Build.0 = Release|Any CPU
		{C14EF548-2853-4BCF-909E-C68D79B857E8}.Release|x86.ActiveCfg = Release|Any CPU
		{C14EF548-2853-4BCF-909E-C68D79B857E8}.Release|x86.Build.0 = Release|Any CPU
		{CCBA29D8-D261-43EC-B1B2-2EF7F005059A}.Debug|Any CPU.ActiveCfg = Debug|Any CPU
		{CCBA29D8-D261-43EC-B1B2-2EF7F005059A}.Debug|Any CPU.Build.0 = Debug|Any CPU
		{CCBA29D8-D261-43EC-B1B2-2EF7F005059A}.Debug|ARM.ActiveCfg = Debug|Any CPU
		{CCBA29D8-D261-43EC-B1B2-2EF7F005059A}.Debug|ARM.Build.0 = Debug|Any CPU
		{CCBA29D8-D261-43EC-B1B2-2EF7F005059A}.Debug|x64.ActiveCfg = Debug|Any CPU
		{CCBA29D8-D261-43EC-B1B2-2EF7F005059A}.Debug|x64.Build.0 = Debug|Any CPU
		{CCBA29D8-D261-43EC-B1B2-2EF7F005059A}.Debug|x86.ActiveCfg = Debug|Any CPU
		{CCBA29D8-D261-43EC-B1B2-2EF7F005059A}.Debug|x86.Build.0 = Debug|Any CPU
		{CCBA29D8-D261-43EC-B1B2-2EF7F005059A}.Release|Any CPU.ActiveCfg = Release|Any CPU
		{CCBA29D8-D261-43EC-B1B2-2EF7F005059A}.Release|Any CPU.Build.0 = Release|Any CPU
		{CCBA29D8-D261-43EC-B1B2-2EF7F005059A}.Release|ARM.ActiveCfg = Release|Any CPU
		{CCBA29D8-D261-43EC-B1B2-2EF7F005059A}.Release|ARM.Build.0 = Release|Any CPU
		{CCBA29D8-D261-43EC-B1B2-2EF7F005059A}.Release|x64.ActiveCfg = Release|Any CPU
		{CCBA29D8-D261-43EC-B1B2-2EF7F005059A}.Release|x64.Build.0 = Release|Any CPU
		{CCBA29D8-D261-43EC-B1B2-2EF7F005059A}.Release|x86.ActiveCfg = Release|Any CPU
		{CCBA29D8-D261-43EC-B1B2-2EF7F005059A}.Release|x86.Build.0 = Release|Any CPU
		{CA1A9B06-264C-4FC8-9A77-B71DF6A1B377}.Debug|Any CPU.ActiveCfg = Debug|Any CPU
		{CA1A9B06-264C-4FC8-9A77-B71DF6A1B377}.Debug|Any CPU.Build.0 = Debug|Any CPU
		{CA1A9B06-264C-4FC8-9A77-B71DF6A1B377}.Debug|ARM.ActiveCfg = Debug|Any CPU
		{CA1A9B06-264C-4FC8-9A77-B71DF6A1B377}.Debug|ARM.Build.0 = Debug|Any CPU
		{CA1A9B06-264C-4FC8-9A77-B71DF6A1B377}.Debug|x64.ActiveCfg = Debug|Any CPU
		{CA1A9B06-264C-4FC8-9A77-B71DF6A1B377}.Debug|x64.Build.0 = Debug|Any CPU
		{CA1A9B06-264C-4FC8-9A77-B71DF6A1B377}.Debug|x86.ActiveCfg = Debug|Any CPU
		{CA1A9B06-264C-4FC8-9A77-B71DF6A1B377}.Debug|x86.Build.0 = Debug|Any CPU
		{CA1A9B06-264C-4FC8-9A77-B71DF6A1B377}.Release|Any CPU.ActiveCfg = Release|Any CPU
		{CA1A9B06-264C-4FC8-9A77-B71DF6A1B377}.Release|Any CPU.Build.0 = Release|Any CPU
		{CA1A9B06-264C-4FC8-9A77-B71DF6A1B377}.Release|ARM.ActiveCfg = Release|Any CPU
		{CA1A9B06-264C-4FC8-9A77-B71DF6A1B377}.Release|ARM.Build.0 = Release|Any CPU
		{CA1A9B06-264C-4FC8-9A77-B71DF6A1B377}.Release|x64.ActiveCfg = Release|Any CPU
		{CA1A9B06-264C-4FC8-9A77-B71DF6A1B377}.Release|x64.Build.0 = Release|Any CPU
		{CA1A9B06-264C-4FC8-9A77-B71DF6A1B377}.Release|x86.ActiveCfg = Release|Any CPU
		{CA1A9B06-264C-4FC8-9A77-B71DF6A1B377}.Release|x86.Build.0 = Release|Any CPU
	EndGlobalSection
	GlobalSection(SolutionProperties) = preSolution
		HideSolutionNode = FALSE
	EndGlobalSection
	GlobalSection(NestedProjects) = preSolution
		{790BC5EC-B631-443E-B2ED-8C154E84B52B} = {2DDFC929-6B76-4C79-AA3D-EA7109B806BD}
		{E2B8D9BD-3CB3-4F21-AB17-DF367A4DA92A} = {2DDFC929-6B76-4C79-AA3D-EA7109B806BD}
		{424BDC34-9372-4793-9D3D-9DF8D9A483FC} = {2DDFC929-6B76-4C79-AA3D-EA7109B806BD}
		{ED9DDA8B-99A2-40F9-B8DC-B734E79C7C55} = {2DDFC929-6B76-4C79-AA3D-EA7109B806BD}
		{CCBA29D8-D261-43EC-B1B2-2EF7F005059A} = {2FD76726-53C1-4D4C-B4D5-02B61F65300F}
		{CA1A9B06-264C-4FC8-9A77-B71DF6A1B377} = {2FD76726-53C1-4D4C-B4D5-02B61F65300F}
	EndGlobalSection
EndGlobal
